
Microsoft Visual Studio Solution File, Format Version 12.00
# Visual Studio 15
Project("{FAE04EC0-301F-11D3-BF4B-00C04F79EFBC}") = "VuforiaScripts", "VuforiaScripts.csproj", "{E84534AC-B712-569D-E63C-8442FC7E118E}"
EndProject
Project("{FAE04EC0-301F-11D3-BF4B-00C04F79EFBC}") = "VuforiaEditorScripts", "VuforiaEditorScripts.csproj", "{E03D95D3-DCD2-2767-4850-FC4B3ABEAE08}"
EndProject
Global
	GlobalSection(SolutionConfigurationPlatforms) = preSolution
		Debug|Any CPU = Debug|Any CPU
		Release|Any CPU = Release|Any CPU
	EndGlobalSection
	GlobalSection(ProjectConfigurationPlatforms) = postSolution
		{E84534AC-B712-569D-E63C-8442FC7E118E}.Debug|Any CPU.ActiveCfg = Debug|Any CPU
		{E84534AC-B712-569D-E63C-8442FC7E118E}.Debug|Any CPU.Build.0 = Debug|Any CPU
		{E84534AC-B712-569D-E63C-8442FC7E118E}.Release|Any CPU.ActiveCfg = Release|Any CPU
		{E84534AC-B712-569D-E63C-8442FC7E118E}.Release|Any CPU.Build.0 = Release|Any CPU
		{E03D95D3-DCD2-2767-4850-FC4B3ABEAE08}.Debug|Any CPU.ActiveCfg = Debug|Any CPU
		{E03D95D3-DCD2-2767-4850-FC4B3ABEAE08}.Debug|Any CPU.Build.0 = Debug|Any CPU
		{E03D95D3-DCD2-2767-4850-FC4B3ABEAE08}.Release|Any CPU.ActiveCfg = Release|Any CPU
		{E03D95D3-DCD2-2767-4850-FC4B3ABEAE08}.Release|Any CPU.Build.0 = Release|Any CPU
	EndGlobalSection
	GlobalSection(SolutionProperties) = preSolution
		HideSolutionNode = FALSE
	EndGlobalSection
EndGlobal
